
Microsoft Visual Studio Solution File, Format Version 12.00
# Visual Studio 15
VisualStudioVersion = 15.0.27130.0
MinimumVisualStudioVersion = 10.0.40219.1
Project("{8BC9CEB8-8B4A-11D0-8D11-00A0C91BC942}") = "Hydro_Engine", "Hydro_Engine\Hydro_Engine.vcxproj", "{58512E81-6928-44BA-B2C4-F50B4A5A59EC}"
EndProject
Global
	GlobalSection(SolutionConfigurationPlatforms) = preSolution
		Debug|x64 = Debug|x64
		Debug|x86 = Debug|x86
		Release|x64 = Release|x64
		Release|x86 = Release|x86
	EndGlobalSection
	GlobalSection(ProjectConfigurationPlatforms) = postSolution
		{58512E81-6928-44BA-B2C4-F50B4A5A59EC}.Debug|x64.ActiveCfg = Debug|x64
		{58512E81-6928-44BA-B2C4-F50B4A5A59EC}.Debug|x64.Build.0 = Debug|x64
		{58512E81-6928-44BA-B2C4-F50B4A5A59EC}.Debug|x86.ActiveCfg = Debug|Win32
		{58512E81-6928-44BA-B2C4-F50B4A5A59EC}.Debug|x86.Build.0 = Debug|Win32
		{58512E81-6928-44BA-B2C4-F50B4A5A59EC}.Release|x64.ActiveCfg = Release|x64
		{58512E81-6928-44BA-B2C4-F50B4A5A59EC}.Release|x64.Build.0 = Release|x64
		{58512E81-6928-44BA-B2C4-F50B4A5A59EC}.Release|x86.ActiveCfg = Release|Win32
		{58512E81-6928-44BA-B2C4-F50B4A5A59EC}.Release|x86.Build.0 = Release|Win32
	EndGlobalSection
	GlobalSection(SolutionProperties) = preSolution
		HideSolutionNode = FALSE
	EndGlobalSection
	GlobalSection(ExtensibilityGlobals) = postSolution
		SolutionGuid = {D239079F-5FFD-4698-B4BF-3A62DF019983}
	EndGlobalSection
EndGlobal
